
Microsoft Visual Studio Solution File, Format Version 12.00
# Visual Studio Version 17
VisualStudioVersion = 17.12.35514.174
MinimumVisualStudioVersion = 10.0.40219.1
Project("{FAE04EC0-301F-11D3-BF4B-00C04F79EFBC}") = "Doctor.Web", "Doctor.Web\Doctor.Web.csproj", "{68D290A4-32A0-4269-B11E-1226083703C6}"
EndProject
Project("{FAE04EC0-301F-11D3-BF4B-00C04F79EFBC}") = "Doctor.Data", "Doctor.Data\Doctor.Data.csproj", "{5BA8AB3A-CA35-480B-8D6E-7FFA4CD888CE}"
EndProject
Project("{FAE04EC0-301F-11D3-BF4B-00C04F79EFBC}") = "Doctor.Infrastructure", "Doctor.Infrastructure\Doctor.Infrastructure.csproj", "{3B413F21-839A-488D-883A-F6740D7F68B9}"
EndProject
Global
	GlobalSection(SolutionConfigurationPlatforms) = preSolution
		Debug|Any CPU = Debug|Any CPU
		Release|Any CPU = Release|Any CPU
	EndGlobalSection
	GlobalSection(ProjectConfigurationPlatforms) = postSolution
		{68D290A4-32A0-4269-B11E-1226083703C6}.Debug|Any CPU.ActiveCfg = Debug|Any CPU
		{68D290A4-32A0-4269-B11E-1226083703C6}.Debug|Any CPU.Build.0 = Debug|Any CPU
		{68D290A4-32A0-4269-B11E-1226083703C6}.Release|Any CPU.ActiveCfg = Release|Any CPU
		{68D290A4-32A0-4269-B11E-1226083703C6}.Release|Any CPU.Build.0 = Release|Any CPU
		{5BA8AB3A-CA35-480B-8D6E-7FFA4CD888CE}.Debug|Any CPU.ActiveCfg = Debug|Any CPU
		{5BA8AB3A-CA35-480B-8D6E-7FFA4CD888CE}.Debug|Any CPU.Build.0 = Debug|Any CPU
		{5BA8AB3A-CA35-480B-8D6E-7FFA4CD888CE}.Release|Any CPU.ActiveCfg = Release|Any CPU
		{5BA8AB3A-CA35-480B-8D6E-7FFA4CD888CE}.Release|Any CPU.Build.0 = Release|Any CPU
		{3B413F21-839A-488D-883A-F6740D7F68B9}.Debug|Any CPU.ActiveCfg = Debug|Any CPU
		{3B413F21-839A-488D-883A-F6740D7F68B9}.Debug|Any CPU.Build.0 = Debug|Any CPU
		{3B413F21-839A-488D-883A-F6740D7F68B9}.Release|Any CPU.ActiveCfg = Release|Any CPU
		{3B413F21-839A-488D-883A-F6740D7F68B9}.Release|Any CPU.Build.0 = Release|Any CPU
	EndGlobalSection
	GlobalSection(SolutionProperties) = preSolution
		HideSolutionNode = FALSE
	EndGlobalSection
EndGlobal
